// !$*UTF8*$!
{
	archiveVersion = 1;
	classes = {
	};
	objectVersion = 56;
	objects = {

/* Begin PBXBuildFile section */
		13237FAAA2FAC5B4C4DC81D6 /* Pods_Weather_app.framework in Frameworks */ = {isa = PBXBuildFile; fileRef = E2BD1049954DC3AB7556E7F1 /* Pods_Weather_app.framework */; };
		C71D5987291E9583004502A4 /* Weather-model.m in Sources */ = {isa = PBXBuildFile; fileRef = C71D5986291E9583004502A4 /* Weather-model.m */; };
		C71D598D291E9C29004502A4 /* WeatherCell.m in Sources */ = {isa = PBXBuildFile; fileRef = C71D598B291E9C29004502A4 /* WeatherCell.m */; };
		C71D598E291E9C29004502A4 /* WeatherCell.xib in Resources */ = {isa = PBXBuildFile; fileRef = C71D598C291E9C29004502A4 /* WeatherCell.xib */; };
		C71D5992291E9C5D004502A4 /* HourlyTableViewCell.m in Sources */ = {isa = PBXBuildFile; fileRef = C71D5990291E9C5D004502A4 /* HourlyTableViewCell.m */; };
		C71D5993291E9C5D004502A4 /* HourlyTableViewCell.xib in Resources */ = {isa = PBXBuildFile; fileRef = C71D5991291E9C5D004502A4 /* HourlyTableViewCell.xib */; };
		C7305947292224AE0033892F /* WeatherForecast.m in Sources */ = {isa = PBXBuildFile; fileRef = C7305946292224AE0033892F /* WeatherForecast.m */; };
		C730594B2922290D0033892F /* CurrentWeatherForeCast.m in Sources */ = {isa = PBXBuildFile; fileRef = C730594A2922290D0033892F /* CurrentWeatherForeCast.m */; };
		C730594E29222AA80033892F /* HourlyUnit.m in Sources */ = {isa = PBXBuildFile; fileRef = C730594D29222AA80033892F /* HourlyUnit.m */; };
		C730595129222B900033892F /* HourlyWeatherData.m in Sources */ = {isa = PBXBuildFile; fileRef = C730595029222B900033892F /* HourlyWeatherData.m */; };
		C730595429222C3F0033892F /* DailyUnit.m in Sources */ = {isa = PBXBuildFile; fileRef = C730595329222C3F0033892F /* DailyUnit.m */; };
		C730595729222CF40033892F /* DailyWeatherData.m in Sources */ = {isa = PBXBuildFile; fileRef = C730595629222CF40033892F /* DailyWeatherData.m */; };
		C7887143291CF58A002A44EE /* AppDelegate.m in Sources */ = {isa = PBXBuildFile; fileRef = C7887142291CF58A002A44EE /* AppDelegate.m */; };
		C7887146291CF58A002A44EE /* SceneDelegate.m in Sources */ = {isa = PBXBuildFile; fileRef = C7887145291CF58A002A44EE /* SceneDelegate.m */; };
		C7887149291CF58A002A44EE /* WeatherViewController.m in Sources */ = {isa = PBXBuildFile; fileRef = C7887148291CF58A002A44EE /* WeatherViewController.m */; };
		C788714C291CF58A002A44EE /* Main.storyboard in Resources */ = {isa = PBXBuildFile; fileRef = C788714A291CF58A002A44EE /* Main.storyboard */; };
		C788714E291CF58B002A44EE /* Assets.xcassets in Resources */ = {isa = PBXBuildFile; fileRef = C788714D291CF58B002A44EE /* Assets.xcassets */; };
		C7887151291CF58B002A44EE /* LaunchScreen.storyboard in Resources */ = {isa = PBXBuildFile; fileRef = C788714F291CF58B002A44EE /* LaunchScreen.storyboard */; };
		C7887154291CF58B002A44EE /* main.m in Sources */ = {isa = PBXBuildFile; fileRef = C7887153291CF58B002A44EE /* main.m */; };
		C7BC3F99291FD5430000E423 /* Webservice.m in Sources */ = {isa = PBXBuildFile; fileRef = C7BC3F98291FD5430000E423 /* Webservice.m */; };
		C7BC3F9B291FEE7B0000E423 /* GlobalFunction.m in Sources */ = {isa = PBXBuildFile; fileRef = C7BC3F9A291FEE7B0000E423 /* GlobalFunction.m */; };
/* End PBXBuildFile section */

/* Begin PBXFileReference section */
		84079DA9501A2626FEA42C3E /* Pods-Weather-app.debug.xcconfig */ = {isa = PBXFileReference; includeInIndex = 1; lastKnownFileType = text.xcconfig; name = "Pods-Weather-app.debug.xcconfig"; path = "Target Support Files/Pods-Weather-app/Pods-Weather-app.debug.xcconfig"; sourceTree = "<group>"; };
		C71D5986291E9583004502A4 /* Weather-model.m */ = {isa = PBXFileReference; lastKnownFileType = sourcecode.c.objc; path = "Weather-model.m"; sourceTree = "<group>"; };
		C71D598A291E9C29004502A4 /* WeatherCell.h */ = {isa = PBXFileReference; lastKnownFileType = sourcecode.c.h; path = WeatherCell.h; sourceTree = "<group>"; };
		C71D598B291E9C29004502A4 /* WeatherCell.m */ = {isa = PBXFileReference; lastKnownFileType = sourcecode.c.objc; path = WeatherCell.m; sourceTree = "<group>"; };
		C71D598C291E9C29004502A4 /* WeatherCell.xib */ = {isa = PBXFileReference; lastKnownFileType = file.xib; path = WeatherCell.xib; sourceTree = "<group>"; };
		C71D598F291E9C5D004502A4 /* HourlyTableViewCell.h */ = {isa = PBXFileReference; lastKnownFileType = sourcecode.c.h; path = HourlyTableViewCell.h; sourceTree = "<group>"; };
		C71D5990291E9C5D004502A4 /* HourlyTableViewCell.m */ = {isa = PBXFileReference; lastKnownFileType = sourcecode.c.objc; path = HourlyTableViewCell.m; sourceTree = "<group>"; };
		C71D5991291E9C5D004502A4 /* HourlyTableViewCell.xib */ = {isa = PBXFileReference; lastKnownFileType = file.xib; path = HourlyTableViewCell.xib; sourceTree = "<group>"; };
		C7305945292224AE0033892F /* WeatherForecast.h */ = {isa = PBXFileReference; lastKnownFileType = sourcecode.c.h; path = WeatherForecast.h; sourceTree = "<group>"; };
		C7305946292224AE0033892F /* WeatherForecast.m */ = {isa = PBXFileReference; lastKnownFileType = sourcecode.c.objc; path = WeatherForecast.m; sourceTree = "<group>"; };
		C73059492922290D0033892F /* CurrentWeatherForeCast.h */ = {isa = PBXFileReference; lastKnownFileType = sourcecode.c.h; path = CurrentWeatherForeCast.h; sourceTree = "<group>"; };
		C730594A2922290D0033892F /* CurrentWeatherForeCast.m */ = {isa = PBXFileReference; lastKnownFileType = sourcecode.c.objc; path = CurrentWeatherForeCast.m; sourceTree = "<group>"; };
		C730594C29222AA80033892F /* HourlyUnit.h */ = {isa = PBXFileReference; lastKnownFileType = sourcecode.c.h; path = HourlyUnit.h; sourceTree = "<group>"; };
		C730594D29222AA80033892F /* HourlyUnit.m */ = {isa = PBXFileReference; lastKnownFileType = sourcecode.c.objc; path = HourlyUnit.m; sourceTree = "<group>"; };
		C730594F29222B900033892F /* HourlyWeatherData.h */ = {isa = PBXFileReference; lastKnownFileType = sourcecode.c.h; path = HourlyWeatherData.h; sourceTree = "<group>"; };
		C730595029222B900033892F /* HourlyWeatherData.m */ = {isa = PBXFileReference; lastKnownFileType = sourcecode.c.objc; path = HourlyWeatherData.m; sourceTree = "<group>"; };
		C730595229222C3F0033892F /* DailyUnit.h */ = {isa = PBXFileReference; lastKnownFileType = sourcecode.c.h; path = DailyUnit.h; sourceTree = "<group>"; };
		C730595329222C3F0033892F /* DailyUnit.m */ = {isa = PBXFileReference; lastKnownFileType = sourcecode.c.objc; path = DailyUnit.m; sourceTree = "<group>"; };
		C730595529222CF40033892F /* DailyWeatherData.h */ = {isa = PBXFileReference; lastKnownFileType = sourcecode.c.h; path = DailyWeatherData.h; sourceTree = "<group>"; };
		C730595629222CF40033892F /* DailyWeatherData.m */ = {isa = PBXFileReference; lastKnownFileType = sourcecode.c.objc; path = DailyWeatherData.m; sourceTree = "<group>"; };
		C788713E291CF58A002A44EE /* Weather-app.app */ = {isa = PBXFileReference; explicitFileType = wrapper.application; includeInIndex = 0; path = "Weather-app.app"; sourceTree = BUILT_PRODUCTS_DIR; };
		C7887141291CF58A002A44EE /* AppDelegate.h */ = {isa = PBXFileReference; lastKnownFileType = sourcecode.c.h; path = AppDelegate.h; sourceTree = "<group>"; };
		C7887142291CF58A002A44EE /* AppDelegate.m */ = {isa = PBXFileReference; lastKnownFileType = sourcecode.c.objc; path = AppDelegate.m; sourceTree = "<group>"; };
		C7887144291CF58A002A44EE /* SceneDelegate.h */ = {isa = PBXFileReference; lastKnownFileType = sourcecode.c.h; path = SceneDelegate.h; sourceTree = "<group>"; };
		C7887145291CF58A002A44EE /* SceneDelegate.m */ = {isa = PBXFileReference; lastKnownFileType = sourcecode.c.objc; path = SceneDelegate.m; sourceTree = "<group>"; };
		C7887147291CF58A002A44EE /* WeatherViewController.h */ = {isa = PBXFileReference; lastKnownFileType = sourcecode.c.h; path = WeatherViewController.h; sourceTree = "<group>"; };
		C7887148291CF58A002A44EE /* WeatherViewController.m */ = {isa = PBXFileReference; lastKnownFileType = sourcecode.c.objc; path = WeatherViewController.m; sourceTree = "<group>"; };
		C788714B291CF58A002A44EE /* Base */ = {isa = PBXFileReference; lastKnownFileType = file.storyboard; name = Base; path = Base.lproj/Main.storyboard; sourceTree = "<group>"; };
		C788714D291CF58B002A44EE /* Assets.xcassets */ = {isa = PBXFileReference; lastKnownFileType = folder.assetcatalog; path = Assets.xcassets; sourceTree = "<group>"; };
		C7887150291CF58B002A44EE /* Base */ = {isa = PBXFileReference; lastKnownFileType = file.storyboard; name = Base; path = Base.lproj/LaunchScreen.storyboard; sourceTree = "<group>"; };
		C7887152291CF58B002A44EE /* Info.plist */ = {isa = PBXFileReference; lastKnownFileType = text.plist.xml; path = Info.plist; sourceTree = "<group>"; };
		C7887153291CF58B002A44EE /* main.m */ = {isa = PBXFileReference; lastKnownFileType = sourcecode.c.objc; path = main.m; sourceTree = "<group>"; };
		C7BC3F97291FD5430000E423 /* Webservice.h */ = {isa = PBXFileReference; lastKnownFileType = sourcecode.c.h; path = Webservice.h; sourceTree = "<group>"; };
		C7BC3F98291FD5430000E423 /* Webservice.m */ = {isa = PBXFileReference; lastKnownFileType = sourcecode.c.objc; path = Webservice.m; sourceTree = "<group>"; };
		C7BC3F9A291FEE7B0000E423 /* GlobalFunction.m */ = {isa = PBXFileReference; lastKnownFileType = sourcecode.c.objc; path = GlobalFunction.m; sourceTree = "<group>"; };
		C7BC3F9C291FEF3F0000E423 /* GlobalFunction.h */ = {isa = PBXFileReference; lastKnownFileType = sourcecode.c.h; path = GlobalFunction.h; sourceTree = "<group>"; };
		E2BD1049954DC3AB7556E7F1 /* Pods_Weather_app.framework */ = {isa = PBXFileReference; explicitFileType = wrapper.framework; includeInIndex = 0; path = Pods_Weather_app.framework; sourceTree = BUILT_PRODUCTS_DIR; };
		F56DC51A85487DC86F04788A /* Pods-Weather-app.release.xcconfig */ = {isa = PBXFileReference; includeInIndex = 1; lastKnownFileType = text.xcconfig; name = "Pods-Weather-app.release.xcconfig"; path = "Target Support Files/Pods-Weather-app/Pods-Weather-app.release.xcconfig"; sourceTree = "<group>"; };
/* End PBXFileReference section */

/* Begin PBXFrameworksBuildPhase section */
		C788713B291CF58A002A44EE /* Frameworks */ = {
			isa = PBXFrameworksBuildPhase;
			buildActionMask = 2147483647;
			files = (
				13237FAAA2FAC5B4C4DC81D6 /* Pods_Weather_app.framework in Frameworks */,
			);
			runOnlyForDeploymentPostprocessing = 0;
		};
/* End PBXFrameworksBuildPhase section */

/* Begin PBXGroup section */
		C456D90058DB6592A61C59EA /* Frameworks */ = {
			isa = PBXGroup;
			children = (
				E2BD1049954DC3AB7556E7F1 /* Pods_Weather_app.framework */,
			);
			name = Frameworks;
			sourceTree = "<group>";
		};
		C5DB6AAD9881187393F0E61A /* Pods */ = {
			isa = PBXGroup;
			children = (
				84079DA9501A2626FEA42C3E /* Pods-Weather-app.debug.xcconfig */,
				F56DC51A85487DC86F04788A /* Pods-Weather-app.release.xcconfig */,
			);
			path = Pods;
			sourceTree = "<group>";
		};
		C71D5988291E9BC8004502A4 /* WeatherCell */ = {
			isa = PBXGroup;
			children = (
				C71D598A291E9C29004502A4 /* WeatherCell.h */,
				C71D598B291E9C29004502A4 /* WeatherCell.m */,
				C71D598C291E9C29004502A4 /* WeatherCell.xib */,
			);
			path = WeatherCell;
			sourceTree = "<group>";
		};
		C71D5989291E9BDA004502A4 /* HourlyCollectionCell */ = {
			isa = PBXGroup;
			children = (
				C71D598F291E9C5D004502A4 /* HourlyTableViewCell.h */,
				C71D5990291E9C5D004502A4 /* HourlyTableViewCell.m */,
				C71D5991291E9C5D004502A4 /* HourlyTableViewCell.xib */,
			);
			path = HourlyCollectionCell;
			sourceTree = "<group>";
		};
		C7305948292228DC0033892F /* Models */ = {
			isa = PBXGroup;
			children = (
				C7305945292224AE0033892F /* WeatherForecast.h */,
				C7305946292224AE0033892F /* WeatherForecast.m */,
				C73059492922290D0033892F /* CurrentWeatherForeCast.h */,
				C730594A2922290D0033892F /* CurrentWeatherForeCast.m */,
				C730594C29222AA80033892F /* HourlyUnit.h */,
				C730594D29222AA80033892F /* HourlyUnit.m */,
				C730594F29222B900033892F /* HourlyWeatherData.h */,
				C730595029222B900033892F /* HourlyWeatherData.m */,
				C730595229222C3F0033892F /* DailyUnit.h */,
				C730595329222C3F0033892F /* DailyUnit.m */,
				C730595529222CF40033892F /* DailyWeatherData.h */,
				C730595629222CF40033892F /* DailyWeatherData.m */,
			);
			path = Models;
			sourceTree = "<group>";
		};
		C7887135291CF58A002A44EE = {
			isa = PBXGroup;
			children = (
				C7887140291CF58A002A44EE /* Weather-app */,
				C788713F291CF58A002A44EE /* Products */,
				C5DB6AAD9881187393F0E61A /* Pods */,
				C456D90058DB6592A61C59EA /* Frameworks */,
			);
			sourceTree = "<group>";
		};
		C788713F291CF58A002A44EE /* Products */ = {
			isa = PBXGroup;
			children = (
				C788713E291CF58A002A44EE /* Weather-app.app */,
			);
			name = Products;
			sourceTree = "<group>";
		};
		C7887140291CF58A002A44EE /* Weather-app */ = {
			isa = PBXGroup;
			children = (
				C7305948292228DC0033892F /* Models */,
				C71D5989291E9BDA004502A4 /* HourlyCollectionCell */,
				C71D5988291E9BC8004502A4 /* WeatherCell */,
				C7887141291CF58A002A44EE /* AppDelegate.h */,
				C7887142291CF58A002A44EE /* AppDelegate.m */,
				C7887144291CF58A002A44EE /* SceneDelegate.h */,
				C7887145291CF58A002A44EE /* SceneDelegate.m */,
				C7887147291CF58A002A44EE /* WeatherViewController.h */,
				C7887148291CF58A002A44EE /* WeatherViewController.m */,
				C788714A291CF58A002A44EE /* Main.storyboard */,
				C788714D291CF58B002A44EE /* Assets.xcassets */,
				C788714F291CF58B002A44EE /* LaunchScreen.storyboard */,
				C7887152291CF58B002A44EE /* Info.plist */,
				C7887153291CF58B002A44EE /* main.m */,
				C71D5986291E9583004502A4 /* Weather-model.m */,
				C7BC3F97291FD5430000E423 /* Webservice.h */,
				C7BC3F98291FD5430000E423 /* Webservice.m */,
				C7BC3F9A291FEE7B0000E423 /* GlobalFunction.m */,
				C7BC3F9C291FEF3F0000E423 /* GlobalFunction.h */,
			);
			path = "Weather-app";
			sourceTree = "<group>";
		};
/* End PBXGroup section */

/* Begin PBXNativeTarget section */
		C788713D291CF58A002A44EE /* Weather-app */ = {
			isa = PBXNativeTarget;
			buildConfigurationList = C7887157291CF58B002A44EE /* Build configuration list for PBXNativeTarget "Weather-app" */;
			buildPhases = (
				F922C3D75D16E3814F033D4D /* [CP] Check Pods Manifest.lock */,
				C788713A291CF58A002A44EE /* Sources */,
				C788713B291CF58A002A44EE /* Frameworks */,
				C788713C291CF58A002A44EE /* Resources */,
				55D011D6FE42C5C3EE90EC76 /* [CP] Embed Pods Frameworks */,
			);
			buildRules = (
			);
			dependencies = (
			);
			name = "Weather-app";
			productName = "Weather-app";
			productReference = C788713E291CF58A002A44EE /* Weather-app.app */;
			productType = "com.apple.product-type.application";
		};
/* End PBXNativeTarget section */

/* Begin PBXProject section */
		C7887136291CF58A002A44EE /* Project object */ = {
			isa = PBXProject;
			attributes = {
				BuildIndependentTargetsInParallel = 1;
				LastUpgradeCheck = 1400;
				TargetAttributes = {
					C788713D291CF58A002A44EE = {
						CreatedOnToolsVersion = 14.0.1;
					};
				};
			};
			buildConfigurationList = C7887139291CF58A002A44EE /* Build configuration list for PBXProject "Weather-app" */;
			compatibilityVersion = "Xcode 14.0";
			developmentRegion = en;
			hasScannedForEncodings = 0;
			knownRegions = (
				en,
				Base,
			);
			mainGroup = C7887135291CF58A002A44EE;
			productRefGroup = C788713F291CF58A002A44EE /* Products */;
			projectDirPath = "";
			projectRoot = "";
			targets = (
				C788713D291CF58A002A44EE /* Weather-app */,
			);
		};
/* End PBXProject section */

/* Begin PBXResourcesBuildPhase section */
		C788713C291CF58A002A44EE /* Resources */ = {
			isa = PBXResourcesBuildPhase;
			buildActionMask = 2147483647;
			files = (
				C71D598E291E9C29004502A4 /* WeatherCell.xib in Resources */,
				C71D5993291E9C5D004502A4 /* HourlyTableViewCell.xib in Resources */,
				C7887151291CF58B002A44EE /* LaunchScreen.storyboard in Resources */,
				C788714E291CF58B002A44EE /* Assets.xcassets in Resources */,
				C788714C291CF58A002A44EE /* Main.storyboard in Resources */,
			);
			runOnlyForDeploymentPostprocessing = 0;
		};
/* End PBXResourcesBuildPhase section */

/* Begin PBXShellScriptBuildPhase section */
		55D011D6FE42C5C3EE90EC76 /* [CP] Embed Pods Frameworks */ = {
			isa = PBXShellScriptBuildPhase;
			buildActionMask = 2147483647;
			files = (
			);
			inputFileListPaths = (
				"${PODS_ROOT}/Target Support Files/Pods-Weather-app/Pods-Weather-app-frameworks-${CONFIGURATION}-input-files.xcfilelist",
			);
			name = "[CP] Embed Pods Frameworks";
			outputFileListPaths = (
				"${PODS_ROOT}/Target Support Files/Pods-Weather-app/Pods-Weather-app-frameworks-${CONFIGURATION}-output-files.xcfilelist",
			);
			runOnlyForDeploymentPostprocessing = 0;
			shellPath = /bin/sh;
			shellScript = "\"${PODS_ROOT}/Target Support Files/Pods-Weather-app/Pods-Weather-app-frameworks.sh\"\n";
			showEnvVarsInLog = 0;
		};
		F922C3D75D16E3814F033D4D /* [CP] Check Pods Manifest.lock */ = {
			isa = PBXShellScriptBuildPhase;
			buildActionMask = 2147483647;
			files = (
			);
			inputFileListPaths = (
			);
			inputPaths = (
				"${PODS_PODFILE_DIR_PATH}/Podfile.lock",
				"${PODS_ROOT}/Manifest.lock",
			);
			name = "[CP] Check Pods Manifest.lock";
			outputFileListPaths = (
			);
			outputPaths = (
				"$(DERIVED_FILE_DIR)/Pods-Weather-app-checkManifestLockResult.txt",
			);
			runOnlyForDeploymentPostprocessing = 0;
			shellPath = /bin/sh;
			shellScript = "diff \"${PODS_PODFILE_DIR_PATH}/Podfile.lock\" \"${PODS_ROOT}/Manifest.lock\" > /dev/null\nif [ $? != 0 ] ; then\n    # print error to STDERR\n    echo \"error: The sandbox is not in sync with the Podfile.lock. Run 'pod install' or update your CocoaPods installation.\" >&2\n    exit 1\nfi\n# This output is used by Xcode 'outputs' to avoid re-running this script phase.\necho \"SUCCESS\" > \"${SCRIPT_OUTPUT_FILE_0}\"\n";
			showEnvVarsInLog = 0;
		};
/* End PBXShellScriptBuildPhase section */

/* Begin PBXSourcesBuildPhase section */
		C788713A291CF58A002A44EE /* Sources */ = {
			isa = PBXSourcesBuildPhase;
			buildActionMask = 2147483647;
			files = (
				C7887149291CF58A002A44EE /* WeatherViewController.m in Sources */,
				C730594B2922290D0033892F /* CurrentWeatherForeCast.m in Sources */,
				C7305947292224AE0033892F /* WeatherForecast.m in Sources */,
				C7887143291CF58A002A44EE /* AppDelegate.m in Sources */,
				C71D5992291E9C5D004502A4 /* HourlyTableViewCell.m in Sources */,
				C730595429222C3F0033892F /* DailyUnit.m in Sources */,
				C7887154291CF58B002A44EE /* main.m in Sources */,
				C7887146291CF58A002A44EE /* SceneDelegate.m in Sources */,
				C7BC3F9B291FEE7B0000E423 /* GlobalFunction.m in Sources */,
				C730595729222CF40033892F /* DailyWeatherData.m in Sources */,
				C71D598D291E9C29004502A4 /* WeatherCell.m in Sources */,
				C730595129222B900033892F /* HourlyWeatherData.m in Sources */,
				C7BC3F99291FD5430000E423 /* Webservice.m in Sources */,
				C730594E29222AA80033892F /* HourlyUnit.m in Sources */,
				C71D5987291E9583004502A4 /* Weather-model.m in Sources */,
			);
			runOnlyForDeploymentPostprocessing = 0;
		};
/* End PBXSourcesBuildPhase section */

/* Begin PBXVariantGroup section */
		C788714A291CF58A002A44EE /* Main.storyboard */ = {
			isa = PBXVariantGroup;
			children = (
				C788714B291CF58A002A44EE /* Base */,
			);
			name = Main.storyboard;
			sourceTree = "<group>";
		};
		C788714F291CF58B002A44EE /* LaunchScreen.storyboard */ = {
			isa = PBXVariantGroup;
			children = (
				C7887150291CF58B002A44EE /* Base */,
			);
			name = LaunchScreen.storyboard;
			sourceTree = "<group>";
		};
/* End PBXVariantGroup section */

/* Begin XCBuildConfiguration section */
		C7887155291CF58B002A44EE /* Debug */ = {
			isa = XCBuildConfiguration;
			buildSettings = {
				ALWAYS_SEARCH_USER_PATHS = NO;
				CLANG_ANALYZER_NONNULL = YES;
				CLANG_ANALYZER_NUMBER_OBJECT_CONVERSION = YES_AGGRESSIVE;
				CLANG_CXX_LANGUAGE_STANDARD = "gnu++20";
				CLANG_ENABLE_MODULES = YES;
				CLANG_ENABLE_OBJC_ARC = YES;
				CLANG_ENABLE_OBJC_WEAK = YES;
				CLANG_WARN_BLOCK_CAPTURE_AUTORELEASING = YES;
				CLANG_WARN_BOOL_CONVERSION = YES;
				CLANG_WARN_COMMA = YES;
				CLANG_WARN_CONSTANT_CONVERSION = YES;
				CLANG_WARN_DEPRECATED_OBJC_IMPLEMENTATIONS = YES;
				CLANG_WARN_DIRECT_OBJC_ISA_USAGE = YES_ERROR;
				CLANG_WARN_DOCUMENTATION_COMMENTS = YES;
				CLANG_WARN_EMPTY_BODY = YES;
				CLANG_WARN_ENUM_CONVERSION = YES;
				CLANG_WARN_INFINITE_RECURSION = YES;
				CLANG_WARN_INT_CONVERSION = YES;
				CLANG_WARN_NON_LITERAL_NULL_CONVERSION = YES;
				CLANG_WARN_OBJC_IMPLICIT_RETAIN_SELF = YES;
				CLANG_WARN_OBJC_LITERAL_CONVERSION = YES;
				CLANG_WARN_OBJC_ROOT_CLASS = YES_ERROR;
				CLANG_WARN_QUOTED_INCLUDE_IN_FRAMEWORK_HEADER = YES;
				CLANG_WARN_RANGE_LOOP_ANALYSIS = YES;
				CLANG_WARN_STRICT_PROTOTYPES = YES;
				CLANG_WARN_SUSPICIOUS_MOVE = YES;
				CLANG_WARN_UNGUARDED_AVAILABILITY = YES_AGGRESSIVE;
				CLANG_WARN_UNREACHABLE_CODE = YES;
				CLANG_WARN__DUPLICATE_METHOD_MATCH = YES;
				COPY_PHASE_STRIP = NO;
				DEBUG_INFORMATION_FORMAT = dwarf;
				ENABLE_STRICT_OBJC_MSGSEND = YES;
				ENABLE_TESTABILITY = YES;
				GCC_C_LANGUAGE_STANDARD = gnu11;
				GCC_DYNAMIC_NO_PIC = NO;
				GCC_NO_COMMON_BLOCKS = YES;
				GCC_OPTIMIZATION_LEVEL = 0;
				GCC_PREPROCESSOR_DEFINITIONS = (
					"DEBUG=1",
					"$(inherited)",
				);
				GCC_WARN_64_TO_32_BIT_CONVERSION = YES;
				GCC_WARN_ABOUT_RETURN_TYPE = YES_ERROR;
				GCC_WARN_UNDECLARED_SELECTOR = YES;
				GCC_WARN_UNINITIALIZED_AUTOS = YES_AGGRESSIVE;
				GCC_WARN_UNUSED_FUNCTION = YES;
				GCC_WARN_UNUSED_VARIABLE = YES;
				IPHONEOS_DEPLOYMENT_TARGET = 15.6;
				MTL_ENABLE_DEBUG_INFO = INCLUDE_SOURCE;
				MTL_FAST_MATH = YES;
				ONLY_ACTIVE_ARCH = YES;
				SDKROOT = iphoneos;
			};
			name = Debug;
		};
		C7887156291CF58B002A44EE /* Release */ = {
			isa = XCBuildConfiguration;
			buildSettings = {
				ALWAYS_SEARCH_USER_PATHS = NO;
				CLANG_ANALYZER_NONNULL = YES;
				CLANG_ANALYZER_NUMBER_OBJECT_CONVERSION = YES_AGGRESSIVE;
				CLANG_CXX_LANGUAGE_STANDARD = "gnu++20";
				CLANG_ENABLE_MODULES = YES;
				CLANG_ENABLE_OBJC_ARC = YES;
				CLANG_ENABLE_OBJC_WEAK = YES;
				CLANG_WARN_BLOCK_CAPTURE_AUTORELEASING = YES;
				CLANG_WARN_BOOL_CONVERSION = YES;
				CLANG_WARN_COMMA = YES;
				CLANG_WARN_CONSTANT_CONVERSION = YES;
				CLANG_WARN_DEPRECATED_OBJC_IMPLEMENTATIONS = YES;
				CLANG_WARN_DIRECT_OBJC_ISA_USAGE = YES_ERROR;
				CLANG_WARN_DOCUMENTATION_COMMENTS = YES;
				CLANG_WARN_EMPTY_BODY = YES;
				CLANG_WARN_ENUM_CONVERSION = YES;
				CLANG_WARN_INFINITE_RECURSION = YES;
				CLANG_WARN_INT_CONVERSION = YES;
				CLANG_WARN_NON_LITERAL_NULL_CONVERSION = YES;
				CLANG_WARN_OBJC_IMPLICIT_RETAIN_SELF = YES;
				CLANG_WARN_OBJC_LITERAL_CONVERSION = YES;
				CLANG_WARN_OBJC_ROOT_CLASS = YES_ERROR;
				CLANG_WARN_QUOTED_INCLUDE_IN_FRAMEWORK_HEADER = YES;
				CLANG_WARN_RANGE_LOOP_ANALYSIS = YES;
				CLANG_WARN_STRICT_PROTOTYPES = YES;
				CLANG_WARN_SUSPICIOUS_MOVE = YES;
				CLANG_WARN_UNGUARDED_AVAILABILITY = YES_AGGRESSIVE;
				CLANG_WARN_UNREACHABLE_CODE = YES;
				CLANG_WARN__DUPLICATE_METHOD_MATCH = YES;
				COPY_PHASE_STRIP = NO;
				DEBUG_INFORMATION_FORMAT = "dwarf-with-dsym";
				ENABLE_NS_ASSERTIONS = NO;
				ENABLE_STRICT_OBJC_MSGSEND = YES;
				GCC_C_LANGUAGE_STANDARD = gnu11;
				GCC_NO_COMMON_BLOCKS = YES;
				GCC_WARN_64_TO_32_BIT_CONVERSION = YES;
				GCC_WARN_ABOUT_RETURN_TYPE = YES_ERROR;
				GCC_WARN_UNDECLARED_SELECTOR = YES;
				GCC_WARN_UNINITIALIZED_AUTOS = YES_AGGRESSIVE;
				GCC_WARN_UNUSED_FUNCTION = YES;
				GCC_WARN_UNUSED_VARIABLE = YES;
				IPHONEOS_DEPLOYMENT_TARGET = 15.6;
				MTL_ENABLE_DEBUG_INFO = NO;
				MTL_FAST_MATH = YES;
				SDKROOT = iphoneos;
				VALIDATE_PRODUCT = YES;
			};
			name = Release;
		};
		C7887158291CF58B002A44EE /* Debug */ = {
			isa = XCBuildConfiguration;
			baseConfigurationReference = 84079DA9501A2626FEA42C3E /* Pods-Weather-app.debug.xcconfig */;
			buildSettings = {
				ASSETCATALOG_COMPILER_APPICON_NAME = AppIcon;
				ASSETCATALOG_COMPILER_GLOBAL_ACCENT_COLOR_NAME = AccentColor;
				CODE_SIGN_STYLE = Automatic;
				CURRENT_PROJECT_VERSION = 1;
				DEVELOPMENT_TEAM = QPSFUGC52A;
				GENERATE_INFOPLIST_FILE = YES;
				INFOPLIST_FILE = "Weather-app/Info.plist";
				INFOPLIST_KEY_UIApplicationSupportsIndirectInputEvents = YES;
				INFOPLIST_KEY_UILaunchStoryboardName = LaunchScreen;
				INFOPLIST_KEY_UIMainStoryboardFile = Main;
				INFOPLIST_KEY_UISupportedInterfaceOrientations_iPad = "UIInterfaceOrientationPortrait UIInterfaceOrientationPortraitUpsideDown UIInterfaceOrientationLandscapeLeft UIInterfaceOrientationLandscapeRight";
				INFOPLIST_KEY_UISupportedInterfaceOrientations_iPhone = "UIInterfaceOrientationPortrait UIInterfaceOrientationLandscapeLeft UIInterfaceOrientationLandscapeRight";
				IPHONEOS_DEPLOYMENT_TARGET = 11.0;
				LD_RUNPATH_SEARCH_PATHS = (
					"$(inherited)",
					"@executable_path/Frameworks",
				);
				MARKETING_VERSION = 1.0;
				PRODUCT_BUNDLE_IDENTIFIER = "com.daihan.practise.Weather-app";
				PRODUCT_NAME = "$(TARGET_NAME)";
				SWIFT_EMIT_LOC_STRINGS = YES;
				TARGETED_DEVICE_FAMILY = "1,2";
			};
			name = Debug;
		};
		C7887159291CF58B002A44EE /* Release */ = {
			isa = XCBuildConfiguration;
			baseConfigurationReference = F56DC51A85487DC86F04788A /* Pods-Weather-app.release.xcconfig */;
			buildSettings = {
				ASSETCATALOG_COMPILER_APPICON_NAME = AppIcon;
				ASSETCATALOG_COMPILER_GLOBAL_ACCENT_COLOR_NAME = AccentColor;
				CODE_SIGN_STYLE = Automatic;
				CURRENT_PROJECT_VERSION = 1;
				DEVELOPMENT_TEAM = QPSFUGC52A;
				GENERATE_INFOPLIST_FILE = YES;
				INFOPLIST_FILE = "Weather-app/Info.plist";
				INFOPLIST_KEY_UIApplicationSupportsIndirectInputEvents = YES;
				INFOPLIST_KEY_UILaunchStoryboardName = LaunchScreen;
				INFOPLIST_KEY_UIMainStoryboardFile = Main;
				INFOPLIST_KEY_UISupportedInterfaceOrientations_iPad = "UIInterfaceOrientationPortrait UIInterfaceOrientationPortraitUpsideDown UIInterfaceOrientationLandscapeLeft UIInterfaceOrientationLandscapeRight";
				INFOPLIST_KEY_UISupportedInterfaceOrientations_iPhone = "UIInterfaceOrientationPortrait UIInterfaceOrientationLandscapeLeft UIInterfaceOrientationLandscapeRight";
				IPHONEOS_DEPLOYMENT_TARGET = 11.0;
				LD_RUNPATH_SEARCH_PATHS = (
					"$(inherited)",
					"@executable_path/Frameworks",
				);
				MARKETING_VERSION = 1.0;
				PRODUCT_BUNDLE_IDENTIFIER = "com.daihan.practise.Weather-app";
				PRODUCT_NAME = "$(TARGET_NAME)";
				SWIFT_EMIT_LOC_STRINGS = YES;
				TARGETED_DEVICE_FAMILY = "1,2";
			};
			name = Release;
		};
/* End XCBuildConfiguration section */

/* Begin XCConfigurationList section */
		C7887139291CF58A002A44EE /* Build configuration list for PBXProject "Weather-app" */ = {
			isa = XCConfigurationList;
			buildConfigurations = (
				C7887155291CF58B002A44EE /* Debug */,
				C7887156291CF58B002A44EE /* Release */,
			);
			defaultConfigurationIsVisible = 0;
			defaultConfigurationName = Release;
		};
		C7887157291CF58B002A44EE /* Build configuration list for PBXNativeTarget "Weather-app" */ = {
			isa = XCConfigurationList;
			buildConfigurations = (
				C7887158291CF58B002A44EE /* Debug */,
				C7887159291CF58B002A44EE /* Release */,
			);
			defaultConfigurationIsVisible = 0;
			defaultConfigurationName = Release;
		};
/* End XCConfigurationList section */
	};
	rootObject = C7887136291CF58A002A44EE /* Project object */;
}
